
Microsoft Visual Studio Solution File, Format Version 12.00
# Visual Studio Version 17
VisualStudioVersion = 17.4.33110.190
MinimumVisualStudioVersion = 10.0.40219.1
Project("{FAE04EC0-301F-11D3-BF4B-00C04F79EFBC}") = "OnlineMobileShop", "OnlineMobileShop\OnlineMobileShop.csproj", "{7478893E-7743-472A-A390-0F34E5B45772}"
EndProject
Global
	GlobalSection(SolutionConfigurationPlatforms) = preSolution
		Debug|Any CPU = Debug|Any CPU
		Release|Any CPU = Release|Any CPU
	EndGlobalSection
	GlobalSection(ProjectConfigurationPlatforms) = postSolution
		{7478893E-7743-472A-A390-0F34E5B45772}.Debug|Any CPU.ActiveCfg = Debug|Any CPU
		{7478893E-7743-472A-A390-0F34E5B45772}.Debug|Any CPU.Build.0 = Debug|Any CPU
		{7478893E-7743-472A-A390-0F34E5B45772}.Release|Any CPU.ActiveCfg = Release|Any CPU
		{7478893E-7743-472A-A390-0F34E5B45772}.Release|Any CPU.Build.0 = Release|Any CPU
	EndGlobalSection
	GlobalSection(SolutionProperties) = preSolution
		HideSolutionNode = FALSE
	EndGlobalSection
	GlobalSection(ExtensibilityGlobals) = postSolution
		SolutionGuid = {50F0BC20-2FA8-4BBF-ADBA-EAD7F1844224}
	EndGlobalSection
EndGlobal
